
Microsoft Visual Studio Solution File, Format Version 12.00
# Visual Studio Version 17
VisualStudioVersion = 17.7.34221.43
MinimumVisualStudioVersion = 10.0.40219.1
Project("{FAE04EC0-301F-11D3-BF4B-00C04F79EFBC}") = "laba6-11", "laba6-11\laba6-11.csproj", "{5222BE8E-BD8E-4B10-B53B-42092E9D90CA}"
EndProject
Global
	GlobalSection(SolutionConfigurationPlatforms) = preSolution
		Debug|Any CPU = Debug|Any CPU
		Release|Any CPU = Release|Any CPU
	EndGlobalSection
	GlobalSection(ProjectConfigurationPlatforms) = postSolution
		{5222BE8E-BD8E-4B10-B53B-42092E9D90CA}.Debug|Any CPU.ActiveCfg = Debug|Any CPU
		{5222BE8E-BD8E-4B10-B53B-42092E9D90CA}.Debug|Any CPU.Build.0 = Debug|Any CPU
		{5222BE8E-BD8E-4B10-B53B-42092E9D90CA}.Release|Any CPU.ActiveCfg = Release|Any CPU
		{5222BE8E-BD8E-4B10-B53B-42092E9D90CA}.Release|Any CPU.Build.0 = Release|Any CPU
	EndGlobalSection
	GlobalSection(SolutionProperties) = preSolution
		HideSolutionNode = FALSE
	EndGlobalSection
	GlobalSection(ExtensibilityGlobals) = postSolution
		SolutionGuid = {2589EFE9-FD57-4072-95A7-64A304BCB68D}
	EndGlobalSection
EndGlobal
